
Microsoft Visual Studio Solution File, Format Version 12.00
# Visual Studio 15
VisualStudioVersion = 15.0.26430.15
MinimumVisualStudioVersion = 10.0.40219.1
Project("{FAE04EC0-301F-11D3-BF4B-00C04F79EFBC}") = "Example01", "Example01\Example01.csproj", "{4907347E-446E-4820-8B4F-0AD89EF2D0DC}"
EndProject
Project("{FAE04EC0-301F-11D3-BF4B-00C04F79EFBC}") = "Example02", "Example02\Example02.csproj", "{812BC004-3A6B-4EC1-AE1D-E15DC96DA1C0}"
EndProject
Global
	GlobalSection(SolutionConfigurationPlatforms) = preSolution
		Debug|Any CPU = Debug|Any CPU
		Release|Any CPU = Release|Any CPU
	EndGlobalSection
	GlobalSection(ProjectConfigurationPlatforms) = postSolution
		{4907347E-446E-4820-8B4F-0AD89EF2D0DC}.Debug|Any CPU.ActiveCfg = Debug|Any CPU
		{4907347E-446E-4820-8B4F-0AD89EF2D0DC}.Debug|Any CPU.Build.0 = Debug|Any CPU
		{4907347E-446E-4820-8B4F-0AD89EF2D0DC}.Release|Any CPU.ActiveCfg = Release|Any CPU
		{4907347E-446E-4820-8B4F-0AD89EF2D0DC}.Release|Any CPU.Build.0 = Release|Any CPU
		{812BC004-3A6B-4EC1-AE1D-E15DC96DA1C0}.Debug|Any CPU.ActiveCfg = Debug|Any CPU
		{812BC004-3A6B-4EC1-AE1D-E15DC96DA1C0}.Debug|Any CPU.Build.0 = Debug|Any CPU
		{812BC004-3A6B-4EC1-AE1D-E15DC96DA1C0}.Release|Any CPU.ActiveCfg = Release|Any CPU
		{812BC004-3A6B-4EC1-AE1D-E15DC96DA1C0}.Release|Any CPU.Build.0 = Release|Any CPU
	EndGlobalSection
	GlobalSection(SolutionProperties) = preSolution
		HideSolutionNode = FALSE
	EndGlobalSection
EndGlobal
